
Microsoft Visual Studio Solution File, Format Version 12.00
# Visual Studio 15
VisualStudioVersion = 15.0.26124.0
MinimumVisualStudioVersion = 15.0.26124.0
Project("{FAE04EC0-301F-11D3-BF4B-00C04F79EFBC}") = "API", "API\API.csproj", "{9DBC0A21-CFB0-4F47-BF1A-FA2425F2CC76}"
EndProject
Project("{FAE04EC0-301F-11D3-BF4B-00C04F79EFBC}") = "Core", "Core\Core.csproj", "{C8A87AAE-7BC7-4FD2-B27E-4B3341929D0E}"
EndProject
Project("{FAE04EC0-301F-11D3-BF4B-00C04F79EFBC}") = "Infrastructure", "Infrastructure\Infrastructure.csproj", "{501828AE-7CEF-416E-AF47-61949F4E84AB}"
EndProject
Global
	GlobalSection(SolutionConfigurationPlatforms) = preSolution
		Debug|Any CPU = Debug|Any CPU
		Debug|x64 = Debug|x64
		Debug|x86 = Debug|x86
		Release|Any CPU = Release|Any CPU
		Release|x64 = Release|x64
		Release|x86 = Release|x86
	EndGlobalSection
	GlobalSection(SolutionProperties) = preSolution
		HideSolutionNode = FALSE
	EndGlobalSection
	GlobalSection(ProjectConfigurationPlatforms) = postSolution
		{9DBC0A21-CFB0-4F47-BF1A-FA2425F2CC76}.Debug|Any CPU.ActiveCfg = Debug|Any CPU
		{9DBC0A21-CFB0-4F47-BF1A-FA2425F2CC76}.Debug|Any CPU.Build.0 = Debug|Any CPU
		{9DBC0A21-CFB0-4F47-BF1A-FA2425F2CC76}.Debug|x64.ActiveCfg = Debug|Any CPU
		{9DBC0A21-CFB0-4F47-BF1A-FA2425F2CC76}.Debug|x64.Build.0 = Debug|Any CPU
		{9DBC0A21-CFB0-4F47-BF1A-FA2425F2CC76}.Debug|x86.ActiveCfg = Debug|Any CPU
		{9DBC0A21-CFB0-4F47-BF1A-FA2425F2CC76}.Debug|x86.Build.0 = Debug|Any CPU
		{9DBC0A21-CFB0-4F47-BF1A-FA2425F2CC76}.Release|Any CPU.ActiveCfg = Release|Any CPU
		{9DBC0A21-CFB0-4F47-BF1A-FA2425F2CC76}.Release|Any CPU.Build.0 = Release|Any CPU
		{9DBC0A21-CFB0-4F47-BF1A-FA2425F2CC76}.Release|x64.ActiveCfg = Release|Any CPU
		{9DBC0A21-CFB0-4F47-BF1A-FA2425F2CC76}.Release|x64.Build.0 = Release|Any CPU
		{9DBC0A21-CFB0-4F47-BF1A-FA2425F2CC76}.Release|x86.ActiveCfg = Release|Any CPU
		{9DBC0A21-CFB0-4F47-BF1A-FA2425F2CC76}.Release|x86.Build.0 = Release|Any CPU
		{C8A87AAE-7BC7-4FD2-B27E-4B3341929D0E}.Debug|Any CPU.ActiveCfg = Debug|Any CPU
		{C8A87AAE-7BC7-4FD2-B27E-4B3341929D0E}.Debug|Any CPU.Build.0 = Debug|Any CPU
		{C8A87AAE-7BC7-4FD2-B27E-4B3341929D0E}.Debug|x64.ActiveCfg = Debug|Any CPU
		{C8A87AAE-7BC7-4FD2-B27E-4B3341929D0E}.Debug|x64.Build.0 = Debug|Any CPU
		{C8A87AAE-7BC7-4FD2-B27E-4B3341929D0E}.Debug|x86.ActiveCfg = Debug|Any CPU
		{C8A87AAE-7BC7-4FD2-B27E-4B3341929D0E}.Debug|x86.Build.0 = Debug|Any CPU
		{C8A87AAE-7BC7-4FD2-B27E-4B3341929D0E}.Release|Any CPU.ActiveCfg = Release|Any CPU
		{C8A87AAE-7BC7-4FD2-B27E-4B3341929D0E}.Release|Any CPU.Build.0 = Release|Any CPU
		{C8A87AAE-7BC7-4FD2-B27E-4B3341929D0E}.Release|x64.ActiveCfg = Release|Any CPU
		{C8A87AAE-7BC7-4FD2-B27E-4B3341929D0E}.Release|x64.Build.0 = Release|Any CPU
		{C8A87AAE-7BC7-4FD2-B27E-4B3341929D0E}.Release|x86.ActiveCfg = Release|Any CPU
		{C8A87AAE-7BC7-4FD2-B27E-4B3341929D0E}.Release|x86.Build.0 = Release|Any CPU
		{501828AE-7CEF-416E-AF47-61949F4E84AB}.Debug|Any CPU.ActiveCfg = Debug|Any CPU
		{501828AE-7CEF-416E-AF47-61949F4E84AB}.Debug|Any CPU.Build.0 = Debug|Any CPU
		{501828AE-7CEF-416E-AF47-61949F4E84AB}.Debug|x64.ActiveCfg = Debug|Any CPU
		{501828AE-7CEF-416E-AF47-61949F4E84AB}.Debug|x64.Build.0 = Debug|Any CPU
		{501828AE-7CEF-416E-AF47-61949F4E84AB}.Debug|x86.ActiveCfg = Debug|Any CPU
		{501828AE-7CEF-416E-AF47-61949F4E84AB}.Debug|x86.Build.0 = Debug|Any CPU
		{501828AE-7CEF-416E-AF47-61949F4E84AB}.Release|Any CPU.ActiveCfg = Release|Any CPU
		{501828AE-7CEF-416E-AF47-61949F4E84AB}.Release|Any CPU.Build.0 = Release|Any CPU
		{501828AE-7CEF-416E-AF47-61949F4E84AB}.Release|x64.ActiveCfg = Release|Any CPU
		{501828AE-7CEF-416E-AF47-61949F4E84AB}.Release|x64.Build.0 = Release|Any CPU
		{501828AE-7CEF-416E-AF47-61949F4E84AB}.Release|x86.ActiveCfg = Release|Any CPU
		{501828AE-7CEF-416E-AF47-61949F4E84AB}.Release|x86.Build.0 = Release|Any CPU
	EndGlobalSection
EndGlobal
